PODS:
  - lottie-ios (2.5.2)
  - Stripe (14.0.0)

DEPENDENCIES:
  - lottie-ios
  - Stripe

SPEC REPOS:
  https://github.com/cocoapods/specs.git:
    - lottie-ios
    - Stripe

SPEC CHECKSUMS:
  lottie-ios: 3fef45d3fabe63e3c7c2eb603dd64ddfffc73062
  Stripe: db29ad197c74aca6fb981e4e8355cf7ebd0fca5a

PODFILE CHECKSUM: bc7a1a22cd5511a74367179376f00756914308c0

COCOAPODS: 1.5.3
